github.com/cloudflare/ahocorasick v0.0.0-20240916140611-054963ec9396 h1:W2HK1IdCnCGuLUeyizSCkwvBjdj0ZL7mxnJYQ3poyzI=
github.com/cloudflare/ahocorasick v0.0.0-20240916140611-054963ec9396/go.mod h1:tGWUZLZp9ajsxUOnHmFFLnqnlKXsCn6GReG4jAD59H0=
golang.org/x/text v0.27.0 h1:4fGWRpyh641NLlecmyl4LOe6yDdfaYNrGb2zdfo4JV4=
golang.org/x/text v0.27.0/go.mod h1:1D28KMCvyooCX9hBiosv5Tz/+YLxj0j7XhWjpSUF7CU=
